
Microsoft Visual Studio Solution File, Format Version 12.00
# Visual Studio Version 17
VisualStudioVersion = 17.10.35013.160
MinimumVisualStudioVersion = 10.0.40219.1
Project("{9A19103F-16F7-4668-BE54-9A1E7A4F7556}") = "GlobalPdvApi", "GlobalPdvApi\GlobalPdvApi.csproj", "{9070378E-87B9-4F6E-B643-5856226E162A}"
EndProject
Project("{9A19103F-16F7-4668-BE54-9A1E7A4F7556}") = "GlobalPdvData", "GlobalPdvData\GlobalPdvData.csproj", "{6864AA88-6A85-49A3-B505-0DFD55AD6B67}"
EndProject
Project("{9A19103F-16F7-4668-BE54-9A1E7A4F7556}") = "GlobalLib", "GlobalLib\GlobalLib.csproj", "{BF8F867E-2F15-4179-8600-5EDC4F5126AE}"
EndProject
Global
	GlobalSection(SolutionConfigurationPlatforms) = preSolution
		Debug|Any CPU = Debug|Any CPU
		Release|Any CPU = Release|Any CPU
	EndGlobalSection
	GlobalSection(ProjectConfigurationPlatforms) = postSolution
		{9070378E-87B9-4F6E-B643-5856226E162A}.Debug|Any CPU.ActiveCfg = Debug|Any CPU
		{9070378E-87B9-4F6E-B643-5856226E162A}.Debug|Any CPU.Build.0 = Debug|Any CPU
		{9070378E-87B9-4F6E-B643-5856226E162A}.Release|Any CPU.ActiveCfg = Release|Any CPU
		{9070378E-87B9-4F6E-B643-5856226E162A}.Release|Any CPU.Build.0 = Release|Any CPU
		{6864AA88-6A85-49A3-B505-0DFD55AD6B67}.Debug|Any CPU.ActiveCfg = Debug|Any CPU
		{6864AA88-6A85-49A3-B505-0DFD55AD6B67}.Debug|Any CPU.Build.0 = Debug|Any CPU
		{6864AA88-6A85-49A3-B505-0DFD55AD6B67}.Release|Any CPU.ActiveCfg = Release|Any CPU
		{6864AA88-6A85-49A3-B505-0DFD55AD6B67}.Release|Any CPU.Build.0 = Release|Any CPU
		{BF8F867E-2F15-4179-8600-5EDC4F5126AE}.Debug|Any CPU.ActiveCfg = Debug|Any CPU
		{BF8F867E-2F15-4179-8600-5EDC4F5126AE}.Debug|Any CPU.Build.0 = Debug|Any CPU
		{BF8F867E-2F15-4179-8600-5EDC4F5126AE}.Release|Any CPU.ActiveCfg = Release|Any CPU
		{BF8F867E-2F15-4179-8600-5EDC4F5126AE}.Release|Any CPU.Build.0 = Release|Any CPU
	EndGlobalSection
	GlobalSection(SolutionProperties) = preSolution
		HideSolutionNode = FALSE
	EndGlobalSection
	GlobalSection(ExtensibilityGlobals) = postSolution
		SolutionGuid = {F862E8E2-EC37-433C-B9DE-72D1321DB813}
	EndGlobalSection
EndGlobal
