
Microsoft Visual Studio Solution File, Format Version 12.00
# Visual Studio Version 17
VisualStudioVersion = 17.13.35931.197
MinimumVisualStudioVersion = 10.0.40219.1
Project("{FAE04EC0-301F-11D3-BF4B-00C04F79EFBC}") = "UaiRangoWebhook", "UaiRangoWebhook\UaiRangoWebhook.csproj", "{69D8496A-49CF-FAA9-D625-EC7C02C8B387}"
EndProject
Project("{FAE04EC0-301F-11D3-BF4B-00C04F79EFBC}") = "GlobalErpData", "GlobalErpData\GlobalErpData.csproj", "{D43B565F-1049-D9E0-8020-B64350FBCCFC}"
EndProject
Project("{FAE04EC0-301F-11D3-BF4B-00C04F79EFBC}") = "GlobalLib", "GlobalLib\GlobalLib.csproj", "{3B0DF45A-8972-8337-9AC8-2FA4645CFCAB}"
EndProject
Global
	GlobalSection(SolutionConfigurationPlatforms) = preSolution
		Debug|Any CPU = Debug|Any CPU
		Release|Any CPU = Release|Any CPU
	EndGlobalSection
	GlobalSection(ProjectConfigurationPlatforms) = postSolution
		{69D8496A-49CF-FAA9-D625-EC7C02C8B387}.Debug|Any CPU.ActiveCfg = Debug|Any CPU
		{69D8496A-49CF-FAA9-D625-EC7C02C8B387}.Debug|Any CPU.Build.0 = Debug|Any CPU
		{69D8496A-49CF-FAA9-D625-EC7C02C8B387}.Release|Any CPU.ActiveCfg = Release|Any CPU
		{69D8496A-49CF-FAA9-D625-EC7C02C8B387}.Release|Any CPU.Build.0 = Release|Any CPU
		{D43B565F-1049-D9E0-8020-B64350FBCCFC}.Debug|Any CPU.ActiveCfg = Debug|Any CPU
		{D43B565F-1049-D9E0-8020-B64350FBCCFC}.Debug|Any CPU.Build.0 = Debug|Any CPU
		{D43B565F-1049-D9E0-8020-B64350FBCCFC}.Release|Any CPU.ActiveCfg = Release|Any CPU
		{D43B565F-1049-D9E0-8020-B64350FBCCFC}.Release|Any CPU.Build.0 = Release|Any CPU
		{3B0DF45A-8972-8337-9AC8-2FA4645CFCAB}.Debug|Any CPU.ActiveCfg = Debug|Any CPU
		{3B0DF45A-8972-8337-9AC8-2FA4645CFCAB}.Debug|Any CPU.Build.0 = Debug|Any CPU
		{3B0DF45A-8972-8337-9AC8-2FA4645CFCAB}.Release|Any CPU.ActiveCfg = Release|Any CPU
		{3B0DF45A-8972-8337-9AC8-2FA4645CFCAB}.Release|Any CPU.Build.0 = Release|Any CPU
	EndGlobalSection
	GlobalSection(SolutionProperties) = preSolution
		HideSolutionNode = FALSE
	EndGlobalSection
	GlobalSection(ExtensibilityGlobals) = postSolution
		SolutionGuid = {199CC22F-AE02-4802-B013-BF664769F867}
	EndGlobalSection
EndGlobal
